Microsoft Visual Studio Solution File, Format Version 12.00
# Visual Studio Version 17
VisualStudioVersion = 17.5.2.0
MinimumVisualStudioVersion = 10.0.40219.1
Project("{FAE04EC0-301F-11D3-BF4B-00C04F79EFBC}") = "VPNWidget", "VPNWidget.csproj", "{293079D5-D062-D69D-A94B-F84C4BE3C29C}"
EndProject
Global
	GlobalSection(SolutionConfigurationPlatforms) = preSolution
		Debug|Any CPU = Debug|Any CPU
		Release|Any CPU = Release|Any CPU
	EndGlobalSection
	GlobalSection(ProjectConfigurationPlatforms) = postSolution
		{293079D5-D062-D69D-A94B-F84C4BE3C29C}.Debug|Any CPU.ActiveCfg = Debug|Any CPU
		{293079D5-D062-D69D-A94B-F84C4BE3C29C}.Debug|Any CPU.Build.0 = Debug|Any CPU
		{293079D5-D062-D69D-A94B-F84C4BE3C29C}.Release|Any CPU.ActiveCfg = Release|Any CPU
		{293079D5-D062-D69D-A94B-F84C4BE3C29C}.Release|Any CPU.Build.0 = Release|Any CPU
	EndGlobalSection
	GlobalSection(SolutionProperties) = preSolution
		HideSolutionNode = FALSE
	EndGlobalSection
	GlobalSection(ExtensibilityGlobals) = postSolution
		SolutionGuid = {B8743AA0-4953-463C-8674-2FFB73A07BF6}
	EndGlobalSection
EndGlobal
